# This is a Gradle generated file for dependency locking.
# Manual edits can break the build and are not advised.
# This file is expected to be part of source control.
com.eed3si9n:shaded-scalajson_2.12:1.0.0-M4=zinc
com.eed3si9n:sjson-new-core_2.12:0.8.3=zinc
com.eed3si9n:sjson-new-scalajson_2.12:0.8.3=zinc
com.google.protobuf:protobuf-java:3.7.0=zinc
com.lihaoyi:fastparse-utils_2.12:0.4.2=zinc
com.lihaoyi:fastparse_2.12:0.4.2=zinc
com.lihaoyi:sourcecode_2.12:0.1.3=zinc
com.lmax:disruptor:3.4.2=zinc
com.swoval:file-tree-views:2.1.3=zinc
com.tfedorov.gradledependencies:booktransitive:0.1=runtimeClasspath
com.tfedorov.gradledependencies:sciencelibrary:0.1=compileClasspath,runtimeClasspath
com.tfedorov.gradledependencies:softwarelibrary:0.1=compileClasspath,runtimeClasspath
com.trueaccord.lenses:lenses_2.12:0.4.12=zinc
com.trueaccord.scalapb:scalapb-runtime_2.12:0.6.0=zinc
jline:jline:2.14.6=zinc
net.java.dev.jna:jna-platform:4.5.0=zinc
net.java.dev.jna:jna:4.5.0=zinc
org.apache.logging.log4j:log4j-api:2.11.2=zinc
org.apache.logging.log4j:log4j-core:2.11.2=zinc
org.scala-lang.modules:scala-parser-combinators_2.12:1.1.2=zinc
org.scala-lang.modules:scala-xml_2.12:1.0.6=zinc
org.scala-lang:scala-compiler:2.12.10=zinc
org.scala-lang:scala-library:2.12.10=zinc
org.scala-lang:scala-library:2.13.8=compileClasspath,runtimeClasspath
org.scala-lang:scala-reflect:2.12.10=zinc
org.scala-sbt:compiler-bridge_2.12:1.3.5=zinc
org.scala-sbt:compiler-interface:1.3.5=zinc
org.scala-sbt:io_2.12:1.3.0=zinc
org.scala-sbt:launcher-interface:1.0.0=zinc
org.scala-sbt:sbinary_2.12:0.5.0=zinc
org.scala-sbt:util-control_2.12:1.3.0=zinc
org.scala-sbt:util-interface:1.3.0=zinc
org.scala-sbt:util-logging_2.12:1.3.0=zinc
org.scala-sbt:util-relation_2.12:1.3.0=zinc
org.scala-sbt:zinc-apiinfo_2.12:1.3.5=zinc
org.scala-sbt:zinc-classfile_2.12:1.3.5=zinc
org.scala-sbt:zinc-classpath_2.12:1.3.5=zinc
org.scala-sbt:zinc-compile-core_2.12:1.3.5=zinc
org.scala-sbt:zinc-core_2.12:1.3.5=zinc
org.scala-sbt:zinc-persist_2.12:1.3.5=zinc
org.scala-sbt:zinc_2.12:1.3.5=zinc
org.spire-math:jawn-parser_2.12:0.10.4=zinc
empty=annotationProcessor,scalaCompilerPlugins
